
Microsoft Visual Studio Solution File, Format Version 12.00
# Visual Studio 15
VisualStudioVersion = 15.0.26124.0
MinimumVisualStudioVersion = 15.0.26124.0
Project("{FAE04EC0-301F-11D3-BF4B-00C04F79EFBC}") = "Domain", "Domain\Domain.csproj", "{1087E7E4-D8FC-4572-AA58-6020CED27176}"
EndProject
Project("{FAE04EC0-301F-11D3-BF4B-00C04F79EFBC}") = "Application", "Application\Application.csproj", "{10B33201-CE99-4B96-AA9A-3DFB6085B2F8}"
EndProject
Project("{FAE04EC0-301F-11D3-BF4B-00C04F79EFBC}") = "Persistence", "Persistence\Persistence.csproj", "{E5534DF6-324B-4673-97C3-991D08CA24C2}"
EndProject
Project("{FAE04EC0-301F-11D3-BF4B-00C04F79EFBC}") = "API", "API\API.csproj", "{3084896B-6498-483F-A95C-2B1B4C222531}"
EndProject
Global
	GlobalSection(SolutionConfigurationPlatforms) = preSolution
		Debug|Any CPU = Debug|Any CPU
		Debug|x64 = Debug|x64
		Debug|x86 = Debug|x86
		Release|Any CPU = Release|Any CPU
		Release|x64 = Release|x64
		Release|x86 = Release|x86
	EndGlobalSection
	GlobalSection(SolutionProperties) = preSolution
		HideSolutionNode = FALSE
	EndGlobalSection
	GlobalSection(ProjectConfigurationPlatforms) = postSolution
		{1087E7E4-D8FC-4572-AA58-6020CED27176}.Debug|Any CPU.ActiveCfg = Debug|Any CPU
		{1087E7E4-D8FC-4572-AA58-6020CED27176}.Debug|Any CPU.Build.0 = Debug|Any CPU
		{1087E7E4-D8FC-4572-AA58-6020CED27176}.Debug|x64.ActiveCfg = Debug|Any CPU
		{1087E7E4-D8FC-4572-AA58-6020CED27176}.Debug|x64.Build.0 = Debug|Any CPU
		{1087E7E4-D8FC-4572-AA58-6020CED27176}.Debug|x86.ActiveCfg = Debug|Any CPU
		{1087E7E4-D8FC-4572-AA58-6020CED27176}.Debug|x86.Build.0 = Debug|Any CPU
		{1087E7E4-D8FC-4572-AA58-6020CED27176}.Release|Any CPU.ActiveCfg = Release|Any CPU
		{1087E7E4-D8FC-4572-AA58-6020CED27176}.Release|Any CPU.Build.0 = Release|Any CPU
		{1087E7E4-D8FC-4572-AA58-6020CED27176}.Release|x64.ActiveCfg = Release|Any CPU
		{1087E7E4-D8FC-4572-AA58-6020CED27176}.Release|x64.Build.0 = Release|Any CPU
		{1087E7E4-D8FC-4572-AA58-6020CED27176}.Release|x86.ActiveCfg = Release|Any CPU
		{1087E7E4-D8FC-4572-AA58-6020CED27176}.Release|x86.Build.0 = Release|Any CPU
		{10B33201-CE99-4B96-AA9A-3DFB6085B2F8}.Debug|Any CPU.ActiveCfg = Debug|Any CPU
		{10B33201-CE99-4B96-AA9A-3DFB6085B2F8}.Debug|Any CPU.Build.0 = Debug|Any CPU
		{10B33201-CE99-4B96-AA9A-3DFB6085B2F8}.Debug|x64.ActiveCfg = Debug|Any CPU
		{10B33201-CE99-4B96-AA9A-3DFB6085B2F8}.Debug|x64.Build.0 = Debug|Any CPU
		{10B33201-CE99-4B96-AA9A-3DFB6085B2F8}.Debug|x86.ActiveCfg = Debug|Any CPU
		{10B33201-CE99-4B96-AA9A-3DFB6085B2F8}.Debug|x86.Build.0 = Debug|Any CPU
		{10B33201-CE99-4B96-AA9A-3DFB6085B2F8}.Release|Any CPU.ActiveCfg = Release|Any CPU
		{10B33201-CE99-4B96-AA9A-3DFB6085B2F8}.Release|Any CPU.Build.0 = Release|Any CPU
		{10B33201-CE99-4B96-AA9A-3DFB6085B2F8}.Release|x64.ActiveCfg = Release|Any CPU
		{10B33201-CE99-4B96-AA9A-3DFB6085B2F8}.Release|x64.Build.0 = Release|Any CPU
		{10B33201-CE99-4B96-AA9A-3DFB6085B2F8}.Release|x86.ActiveCfg = Release|Any CPU
		{10B33201-CE99-4B96-AA9A-3DFB6085B2F8}.Release|x86.Build.0 = Release|Any CPU
		{E5534DF6-324B-4673-97C3-991D08CA24C2}.Debug|Any CPU.ActiveCfg = Debug|Any CPU
		{E5534DF6-324B-4673-97C3-991D08CA24C2}.Debug|Any CPU.Build.0 = Debug|Any CPU
		{E5534DF6-324B-4673-97C3-991D08CA24C2}.Debug|x64.ActiveCfg = Debug|Any CPU
		{E5534DF6-324B-4673-97C3-991D08CA24C2}.Debug|x64.Build.0 = Debug|Any CPU
		{E5534DF6-324B-4673-97C3-991D08CA24C2}.Debug|x86.ActiveCfg = Debug|Any CPU
		{E5534DF6-324B-4673-97C3-991D08CA24C2}.Debug|x86.Build.0 = Debug|Any CPU
		{E5534DF6-324B-4673-97C3-991D08CA24C2}.Release|Any CPU.ActiveCfg = Release|Any CPU
		{E5534DF6-324B-4673-97C3-991D08CA24C2}.Release|Any CPU.Build.0 = Release|Any CPU
		{E5534DF6-324B-4673-97C3-991D08CA24C2}.Release|x64.ActiveCfg = Release|Any CPU
		{E5534DF6-324B-4673-97C3-991D08CA24C2}.Release|x64.Build.0 = Release|Any CPU
		{E5534DF6-324B-4673-97C3-991D08CA24C2}.Release|x86.ActiveCfg = Release|Any CPU
		{E5534DF6-324B-4673-97C3-991D08CA24C2}.Release|x86.Build.0 = Release|Any CPU
		{3084896B-6498-483F-A95C-2B1B4C222531}.Debug|Any CPU.ActiveCfg = Debug|Any CPU
		{3084896B-6498-483F-A95C-2B1B4C222531}.Debug|Any CPU.Build.0 = Debug|Any CPU
		{3084896B-6498-483F-A95C-2B1B4C222531}.Debug|x64.ActiveCfg = Debug|Any CPU
		{3084896B-6498-483F-A95C-2B1B4C222531}.Debug|x64.Build.0 = Debug|Any CPU
		{3084896B-6498-483F-A95C-2B1B4C222531}.Debug|x86.ActiveCfg = Debug|Any CPU
		{3084896B-6498-483F-A95C-2B1B4C222531}.Debug|x86.Build.0 = Debug|Any CPU
		{3084896B-6498-483F-A95C-2B1B4C222531}.Release|Any CPU.ActiveCfg = Release|Any CPU
		{3084896B-6498-483F-A95C-2B1B4C222531}.Release|Any CPU.Build.0 = Release|Any CPU
		{3084896B-6498-483F-A95C-2B1B4C222531}.Release|x64.ActiveCfg = Release|Any CPU
		{3084896B-6498-483F-A95C-2B1B4C222531}.Release|x64.Build.0 = Release|Any CPU
		{3084896B-6498-483F-A95C-2B1B4C222531}.Release|x86.ActiveCfg = Release|Any CPU
		{3084896B-6498-483F-A95C-2B1B4C222531}.Release|x86.Build.0 = Release|Any CPU
	EndGlobalSection
EndGlobal
